<?xml version="1.0" encoding="utf-8"?>
<Project ToolsVersion="4.0" xmlns="http://schemas.microsoft.com/developer/msbuild/2003">
  <ItemGroup>
    <Filter Include="RabbitMq">
      <UniqueIdentifier>{bc60a2bb-d0d6-4808-914a-6e1c4a17c0be}</UniqueIdentifier>
    </Filter>
    <Filter Include="Entities">
      <UniqueIdentifier>{a921d6fe-9f81-48e9-9167-ad681529149c}</UniqueIdentifier>
    </Filter>
    <Filter Include="StatingPoint">
      <UniqueIdentifier>{4FC737F1-C7A5-4376-A066-2A32D752A2FF}</UniqueIdentifier>
      <Extensions>cpp;c;cc;cxx;c++;cppm;ixx;def;odl;idl;hpj;bat;asm;asmx</Extensions>
    </Filter>
    <Filter Include="Controller">
      <UniqueIdentifier>{71a10d6d-caac-44d9-a936-b341414a808e}</UniqueIdentifier>
    </Filter>
  </ItemGroup>
  <ItemGroup>
    <ClCompile Include="Main.cpp">
      <Filter>StatingPoint</Filter>
    </ClCompile>
    <ClCompile Include="RabbitMqConsumer.cpp">
      <Filter>RabbitMq</Filter>
    </ClCompile>
    <ClCompile Include="User.cpp">
      <Filter>Entities</Filter>
    </ClCompile>
    <ClCompile Include="UserController.cpp">
      <Filter>Controller</Filter>
    </ClCompile>
  </ItemGroup>
  <ItemGroup>
    <ClInclude Include="RabbitMqConsumer.h">
      <Filter>RabbitMq</Filter>
    </ClInclude>
    <ClInclude Include="User.h">
      <Filter>Entities</Filter>
    </ClInclude>
    <ClInclude Include="UserController.h">
      <Filter>Controller</Filter>
    </ClInclude>
  </ItemGroup>
</Project>